
Microsoft Visual Studio Solution File, Format Version 12.00
# Visual Studio 14
VisualStudioVersion = 14.0.24720.0
MinimumVisualStudioVersion = 10.0.40219.1
Project("{FAE04EC0-301F-11D3-BF4B-00C04F79EFBC}") = "Sprzedawca", "Sprzedawca\Sprzedawca.csproj", "{66EDB11F-4C8F-4EF3-8A46-E2516A82F54B}"
EndProject
Global
	GlobalSection(SolutionConfigurationPlatforms) = preSolution
		Debug|Any CPU = Debug|Any CPU
		Release|Any CPU = Release|Any CPU
	EndGlobalSection
	GlobalSection(ProjectConfigurationPlatforms) = postSolution
		{66EDB11F-4C8F-4EF3-8A46-E2516A82F54B}.Debug|Any CPU.ActiveCfg = Debug|Any CPU
		{66EDB11F-4C8F-4EF3-8A46-E2516A82F54B}.Debug|Any CPU.Build.0 = Debug|Any CPU
		{66EDB11F-4C8F-4EF3-8A46-E2516A82F54B}.Release|Any CPU.ActiveCfg = Release|Any CPU
		{66EDB11F-4C8F-4EF3-8A46-E2516A82F54B}.Release|Any CPU.Build.0 = Release|Any CPU
	EndGlobalSection
	GlobalSection(SolutionProperties) = preSolution
		HideSolutionNode = FALSE
	EndGlobalSection
EndGlobal
